
Microsoft Visual Studio Solution File, Format Version 12.00
# Visual Studio Version 17
VisualStudioVersion = 17.14.36705.20 d17.14
MinimumVisualStudioVersion = 10.0.40219.1
Project("{9A19103F-16F7-4668-BE54-9A1E7A4F7556}") = "Admin.NET.Demo.Application", "Admin.NET.Demo.Application\Admin.NET.Demo.Application.csproj", "{77DF2431-B74B-4627-93FA-A95B31B9A36A}"
EndProject
Project("{9A19103F-16F7-4668-BE54-9A1E7A4F7556}") = "Admin.NET.Demo.Web.Entry", "Admin.NET.Demo.Web.Entry\Admin.NET.Demo.Web.Entry.csproj", "{6FF73C46-F226-483A-A176-C6E2C9A3AC21}"
EndProject
Global
	GlobalSection(SolutionConfigurationPlatforms) = preSolution
		Debug|Any CPU = Debug|Any CPU
		Release|Any CPU = Release|Any CPU
	EndGlobalSection
	GlobalSection(ProjectConfigurationPlatforms) = postSolution
		{77DF2431-B74B-4627-93FA-A95B31B9A36A}.Debug|Any CPU.ActiveCfg = Debug|Any CPU
		{77DF2431-B74B-4627-93FA-A95B31B9A36A}.Debug|Any CPU.Build.0 = Debug|Any CPU
		{77DF2431-B74B-4627-93FA-A95B31B9A36A}.Release|Any CPU.ActiveCfg = Release|Any CPU
		{77DF2431-B74B-4627-93FA-A95B31B9A36A}.Release|Any CPU.Build.0 = Release|Any CPU
		{6FF73C46-F226-483A-A176-C6E2C9A3AC21}.Debug|Any CPU.ActiveCfg = Debug|Any CPU
		{6FF73C46-F226-483A-A176-C6E2C9A3AC21}.Debug|Any CPU.Build.0 = Debug|Any CPU
		{6FF73C46-F226-483A-A176-C6E2C9A3AC21}.Release|Any CPU.ActiveCfg = Release|Any CPU
		{6FF73C46-F226-483A-A176-C6E2C9A3AC21}.Release|Any CPU.Build.0 = Release|Any CPU
	EndGlobalSection
	GlobalSection(SolutionProperties) = preSolution
		HideSolutionNode = FALSE
	EndGlobalSection
	GlobalSection(ExtensibilityGlobals) = postSolution
		SolutionGuid = {85BC3282-DD4D-4E15-8E8E-3795E682B22C}
	EndGlobalSection
EndGlobal
